
Microsoft Visual Studio Solution File, Format Version 12.00
# Visual Studio Version 17
VisualStudioVersion = 17.3.32922.545
MinimumVisualStudioVersion = 10.0.40219.1
Project("{9A19103F-16F7-4668-BE54-9A1E7A4F7556}") = "VehicleOrganizer.Domain", "VehicleOrganizer.Domain\VehicleOrganizer.Domain.csproj", "{DC84D10D-82D0-44AF-8FCB-819283C1255A}"
EndProject
Project("{9A19103F-16F7-4668-BE54-9A1E7A4F7556}") = "VehicleOrganizer.Domain.Abstractions", "VehicleOrganizer.Domain.Abstractions\VehicleOrganizer.Domain.Abstractions.csproj", "{9C2B0CC8-ACF9-4F45-9323-2E9E2B7159FA}"
EndProject
Project("{9A19103F-16F7-4668-BE54-9A1E7A4F7556}") = "VehicleOrganizer.DesktopApp", "VehicleOrganizer.DesktopApp\VehicleOrganizer.DesktopApp.csproj", "{5428C2AD-CF8F-42C7-8EFA-1B0B6A650BB7}"
EndProject
Project("{9A19103F-16F7-4668-BE54-9A1E7A4F7556}") = "VehicleOrganizer.Infrastructure", "VehicleOrganizer.Infrastructure\VehicleOrganizer.Infrastructure.csproj", "{286CD9F6-B950-4B9F-BBE6-054159B159EA}"
EndProject
Project("{9A19103F-16F7-4668-BE54-9A1E7A4F7556}") = "VehicleOrganizer.Infrastructure.Abstractions", "VehicleOrganizer.Infrastructure.Abstractions\VehicleOrganizer.Infrastructure.Abstractions.csproj", "{E3DC67D8-E7E1-4CA9-AC85-721402BECBDA}"
EndProject
Project("{9A19103F-16F7-4668-BE54-9A1E7A4F7556}") = "VehicleOrganizer.Infrastructure.Tests", "VehicleOrganizer.Infrastructure.Tests\VehicleOrganizer.Infrastructure.Tests.csproj", "{48B45CBD-EC54-4527-BBD4-FB7D56C0E686}"
EndProject
Project("{9A19103F-16F7-4668-BE54-9A1E7A4F7556}") = "VehicleOrganizer.Core", "VehicleOrganizer.Core\VehicleOrganizer.Core.csproj", "{CA72871B-4D83-440A-939D-722A6D4EC03D}"
EndProject
Project("{9A19103F-16F7-4668-BE54-9A1E7A4F7556}") = "VehicleOrganizer.Core.Tests", "VehicleOrganizer.Core.Tests\VehicleOrganizer.Core.Tests.csproj", "{B3BE8A4E-CED2-4062-BEEE-3FBCF150E0A9}"
EndProject
Project("{FAE04EC0-301F-11D3-BF4B-00C04F79EFBC}") = "VehicleOrganizer.MobileApp", "VehicleOrganizer.MobileApp\VehicleOrganizer.MobileApp.csproj", "{B288D24A-E0F9-417B-AC44-A2D835C412CC}"
EndProject
Global
	GlobalSection(SolutionConfigurationPlatforms) = preSolution
		Debug|Any CPU = Debug|Any CPU
		Release|Any CPU = Release|Any CPU
	EndGlobalSection
	GlobalSection(ProjectConfigurationPlatforms) = postSolution
		{DC84D10D-82D0-44AF-8FCB-819283C1255A}.Debug|Any CPU.ActiveCfg = Debug|Any CPU
		{DC84D10D-82D0-44AF-8FCB-819283C1255A}.Debug|Any CPU.Build.0 = Debug|Any CPU
		{DC84D10D-82D0-44AF-8FCB-819283C1255A}.Release|Any CPU.ActiveCfg = Release|Any CPU
		{DC84D10D-82D0-44AF-8FCB-819283C1255A}.Release|Any CPU.Build.0 = Release|Any CPU
		{9C2B0CC8-ACF9-4F45-9323-2E9E2B7159FA}.Debug|Any CPU.ActiveCfg = Debug|Any CPU
		{9C2B0CC8-ACF9-4F45-9323-2E9E2B7159FA}.Debug|Any CPU.Build.0 = Debug|Any CPU
		{9C2B0CC8-ACF9-4F45-9323-2E9E2B7159FA}.Release|Any CPU.ActiveCfg = Release|Any CPU
		{9C2B0CC8-ACF9-4F45-9323-2E9E2B7159FA}.Release|Any CPU.Build.0 = Release|Any CPU
		{5428C2AD-CF8F-42C7-8EFA-1B0B6A650BB7}.Debug|Any CPU.ActiveCfg = Debug|Any CPU
		{5428C2AD-CF8F-42C7-8EFA-1B0B6A650BB7}.Debug|Any CPU.Build.0 = Debug|Any CPU
		{5428C2AD-CF8F-42C7-8EFA-1B0B6A650BB7}.Release|Any CPU.ActiveCfg = Release|Any CPU
		{5428C2AD-CF8F-42C7-8EFA-1B0B6A650BB7}.Release|Any CPU.Build.0 = Release|Any CPU
		{286CD9F6-B950-4B9F-BBE6-054159B159EA}.Debug|Any CPU.ActiveCfg = Debug|Any CPU
		{286CD9F6-B950-4B9F-BBE6-054159B159EA}.Debug|Any CPU.Build.0 = Debug|Any CPU
		{286CD9F6-B950-4B9F-BBE6-054159B159EA}.Release|Any CPU.ActiveCfg = Release|Any CPU
		{286CD9F6-B950-4B9F-BBE6-054159B159EA}.Release|Any CPU.Build.0 = Release|Any CPU
		{E3DC67D8-E7E1-4CA9-AC85-721402BECBDA}.Debug|Any CPU.ActiveCfg = Debug|Any CPU
		{E3DC67D8-E7E1-4CA9-AC85-721402BECBDA}.Debug|Any CPU.Build.0 = Debug|Any CPU
		{E3DC67D8-E7E1-4CA9-AC85-721402BECBDA}.Release|Any CPU.ActiveCfg = Release|Any CPU
		{E3DC67D8-E7E1-4CA9-AC85-721402BECBDA}.Release|Any CPU.Build.0 = Release|Any CPU
		{48B45CBD-EC54-4527-BBD4-FB7D56C0E686}.Debug|Any CPU.ActiveCfg = Debug|Any CPU
		{48B45CBD-EC54-4527-BBD4-FB7D56C0E686}.Debug|Any CPU.Build.0 = Debug|Any CPU
		{48B45CBD-EC54-4527-BBD4-FB7D56C0E686}.Release|Any CPU.ActiveCfg = Release|Any CPU
		{48B45CBD-EC54-4527-BBD4-FB7D56C0E686}.Release|Any CPU.Build.0 = Release|Any CPU
		{CA72871B-4D83-440A-939D-722A6D4EC03D}.Debug|Any CPU.ActiveCfg = Debug|Any CPU
		{CA72871B-4D83-440A-939D-722A6D4EC03D}.Debug|Any CPU.Build.0 = Debug|Any CPU
		{CA72871B-4D83-440A-939D-722A6D4EC03D}.Release|Any CPU.ActiveCfg = Release|Any CPU
		{CA72871B-4D83-440A-939D-722A6D4EC03D}.Release|Any CPU.Build.0 = Release|Any CPU
		{B3BE8A4E-CED2-4062-BEEE-3FBCF150E0A9}.Debug|Any CPU.ActiveCfg = Debug|Any CPU
		{B3BE8A4E-CED2-4062-BEEE-3FBCF150E0A9}.Debug|Any CPU.Build.0 = Debug|Any CPU
		{B3BE8A4E-CED2-4062-BEEE-3FBCF150E0A9}.Release|Any CPU.ActiveCfg = Release|Any CPU
		{B3BE8A4E-CED2-4062-BEEE-3FBCF150E0A9}.Release|Any CPU.Build.0 = Release|Any CPU
		{B288D24A-E0F9-417B-AC44-A2D835C412CC}.Debug|Any CPU.ActiveCfg = Debug|Any CPU
		{B288D24A-E0F9-417B-AC44-A2D835C412CC}.Debug|Any CPU.Build.0 = Debug|Any CPU
		{B288D24A-E0F9-417B-AC44-A2D835C412CC}.Debug|Any CPU.Deploy.0 = Debug|Any CPU
		{B288D24A-E0F9-417B-AC44-A2D835C412CC}.Release|Any CPU.ActiveCfg = Release|Any CPU
		{B288D24A-E0F9-417B-AC44-A2D835C412CC}.Release|Any CPU.Build.0 = Release|Any CPU
		{B288D24A-E0F9-417B-AC44-A2D835C412CC}.Release|Any CPU.Deploy.0 = Release|Any CPU
	EndGlobalSection
	GlobalSection(SolutionProperties) = preSolution
		HideSolutionNode = FALSE
	EndGlobalSection
	GlobalSection(ExtensibilityGlobals) = postSolution
		SolutionGuid = {9117B81B-C122-456B-9F14-A291941731F3}
	EndGlobalSection
EndGlobal
